github.com/brianvoe/gofakeit v3.17.0+incompatible h1:C1+30+c0GtjgGDtRC+iePZeP1WMiwsWCELNJhmc7aIc=
github.com/brianvoe/gofakeit v3.17.0+incompatible/go.mod h1:kfwdRA90vvNhPutZWfH7WPaDzUjz+CZFqG+rPkOjGOc=
github.com/spf13/pflag v1.0.0 h1:oaPbdDe/x0UncahuwiPxW1GYJyilRAdsPnq3e1yaPcI=
github.com/spf13/pflag v1.0.0/go.mod h1:DYY7MBk1bdzusC3SYhjObp+wFpr4gzcvqqNjLnInEg4=
